
Microsoft Visual Studio Solution File, Format Version 12.00
# Visual Studio Version 17
VisualStudioVersion = 17.0.32126.317
MinimumVisualStudioVersion = 10.0.40219.1
Project("{9A19103F-16F7-4668-BE54-9A1E7A4F7556}") = "Blog.Web", "Blog.Web\Blog.Web.csproj", "{6FFDBF28-F6BB-4236-84E6-D019409A8C45}"
EndProject
Global
	GlobalSection(SolutionConfigurationPlatforms) = preSolution
		Debug|Any CPU = Debug|Any CPU
		Release|Any CPU = Release|Any CPU
	EndGlobalSection
	GlobalSection(ProjectConfigurationPlatforms) = postSolution
		{6FFDBF28-F6BB-4236-84E6-D019409A8C45}.Debug|Any CPU.ActiveCfg = Debug|Any CPU
		{6FFDBF28-F6BB-4236-84E6-D019409A8C45}.Debug|Any CPU.Build.0 = Debug|Any CPU
		{6FFDBF28-F6BB-4236-84E6-D019409A8C45}.Release|Any CPU.ActiveCfg = Release|Any CPU
		{6FFDBF28-F6BB-4236-84E6-D019409A8C45}.Release|Any CPU.Build.0 = Release|Any CPU
	EndGlobalSection
	GlobalSection(SolutionProperties) = preSolution
		HideSolutionNode = FALSE
	EndGlobalSection
	GlobalSection(ExtensibilityGlobals) = postSolution
		SolutionGuid = {7719E343-3911-4010-B285-BCC7198928BA}
	EndGlobalSection
EndGlobal
